
Microsoft Visual Studio Solution File, Format Version 12.00
# Visual Studio Version 17
VisualStudioVersion = 17.0.31903.59
MinimumVisualStudioVersion = 10.0.40219.1
Project("{FAE04EC0-301F-11D3-BF4B-00C04F79EFBC}") = "Uqs.Customer", "Uqs.Customer\Uqs.Customer.csproj", "{B981DD07-78AA-46CB-9941-DFAA10962C4C}"
EndProject
Project("{FAE04EC0-301F-11D3-BF4B-00C04F79EFBC}") = "Uqs.Customer.Tests", "Uqs.Customer.Tests\Uqs.Customer.Tests.csproj", "{E0F9F70B-D9D1-4067-BC95-F1469F3B9BE3}"
EndProject
Global
	GlobalSection(SolutionConfigurationPlatforms) = preSolution
		Debug|Any CPU = Debug|Any CPU
		Release|Any CPU = Release|Any CPU
	EndGlobalSection
	GlobalSection(SolutionProperties) = preSolution
		HideSolutionNode = FALSE
	EndGlobalSection
	GlobalSection(ProjectConfigurationPlatforms) = postSolution
		{B981DD07-78AA-46CB-9941-DFAA10962C4C}.Debug|Any CPU.ActiveCfg = Debug|Any CPU
		{B981DD07-78AA-46CB-9941-DFAA10962C4C}.Debug|Any CPU.Build.0 = Debug|Any CPU
		{B981DD07-78AA-46CB-9941-DFAA10962C4C}.Release|Any CPU.ActiveCfg = Release|Any CPU
		{B981DD07-78AA-46CB-9941-DFAA10962C4C}.Release|Any CPU.Build.0 = Release|Any CPU
		{E0F9F70B-D9D1-4067-BC95-F1469F3B9BE3}.Debug|Any CPU.ActiveCfg = Debug|Any CPU
		{E0F9F70B-D9D1-4067-BC95-F1469F3B9BE3}.Debug|Any CPU.Build.0 = Debug|Any CPU
		{E0F9F70B-D9D1-4067-BC95-F1469F3B9BE3}.Release|Any CPU.ActiveCfg = Release|Any CPU
		{E0F9F70B-D9D1-4067-BC95-F1469F3B9BE3}.Release|Any CPU.Build.0 = Release|Any CPU
	EndGlobalSection
EndGlobal
